
Microsoft Visual Studio Solution File, Format Version 12.00
# Visual Studio Version 17
VisualStudioVersion = 17.11.35222.181
MinimumVisualStudioVersion = 10.0.40219.1
Project("{FAE04EC0-301F-11D3-BF4B-00C04F79EFBC}") = "Week2", "Week2\Week2.csproj", "{AD2900FB-D876-4288-A0BD-76572F7394EC}"
EndProject
Project("{FAE04EC0-301F-11D3-BF4B-00C04F79EFBC}") = "UserGenderValidation", "UserGenderValidation\UserGenderValidation.csproj", "{1F9347E0-7F33-4BBE-8696-9FEEED63F528}"
EndProject
Project("{FAE04EC0-301F-11D3-BF4B-00C04F79EFBC}") = "UserAgeValidation", "UserAgeValidation\UserAgeValidation.csproj", "{688F4FFF-D540-46B9-BA40-D1B3D0C6E539}"
EndProject
Global
	GlobalSection(SolutionConfigurationPlatforms) = preSolution
		Debug|Any CPU = Debug|Any CPU
		Release|Any CPU = Release|Any CPU
	EndGlobalSection
	GlobalSection(ProjectConfigurationPlatforms) = postSolution
		{AD2900FB-D876-4288-A0BD-76572F7394EC}.Debug|Any CPU.ActiveCfg = Debug|Any CPU
		{AD2900FB-D876-4288-A0BD-76572F7394EC}.Debug|Any CPU.Build.0 = Debug|Any CPU
		{AD2900FB-D876-4288-A0BD-76572F7394EC}.Release|Any CPU.ActiveCfg = Release|Any CPU
		{AD2900FB-D876-4288-A0BD-76572F7394EC}.Release|Any CPU.Build.0 = Release|Any CPU
		{1F9347E0-7F33-4BBE-8696-9FEEED63F528}.Debug|Any CPU.ActiveCfg = Debug|Any CPU
		{1F9347E0-7F33-4BBE-8696-9FEEED63F528}.Debug|Any CPU.Build.0 = Debug|Any CPU
		{1F9347E0-7F33-4BBE-8696-9FEEED63F528}.Release|Any CPU.ActiveCfg = Release|Any CPU
		{1F9347E0-7F33-4BBE-8696-9FEEED63F528}.Release|Any CPU.Build.0 = Release|Any CPU
		{688F4FFF-D540-46B9-BA40-D1B3D0C6E539}.Debug|Any CPU.ActiveCfg = Debug|Any CPU
		{688F4FFF-D540-46B9-BA40-D1B3D0C6E539}.Debug|Any CPU.Build.0 = Debug|Any CPU
		{688F4FFF-D540-46B9-BA40-D1B3D0C6E539}.Release|Any CPU.ActiveCfg = Release|Any CPU
		{688F4FFF-D540-46B9-BA40-D1B3D0C6E539}.Release|Any CPU.Build.0 = Release|Any CPU
	EndGlobalSection
	GlobalSection(SolutionProperties) = preSolution
		HideSolutionNode = FALSE
	EndGlobalSection
	GlobalSection(ExtensibilityGlobals) = postSolution
		SolutionGuid = {A7F4F398-BA1E-4490-8772-41AD98204B27}
	EndGlobalSection
EndGlobal
